<?xml version="1.0" encoding="utf-8"?>
<Project ToolsVersion="4.0" xmlns="http://schemas.microsoft.com/developer/msbuild/2003">
  <ItemGroup>
    <Filter Include="源文件">
      <UniqueIdentifier>{4FC737F1-C7A5-4376-A066-2A32D752A2FF}</UniqueIdentifier>
      <Extensions>cpp;c;cc;cxx;c++;cppm;ixx;def;odl;idl;hpj;bat;asm;asmx</Extensions>
    </Filter>
    <Filter Include="头文件">
      <UniqueIdentifier>{93995380-89BD-4b04-88EB-625FBE52EBFB}</UniqueIdentifier>
      <Extensions>h;hh;hpp;hxx;h++;hm;inl;inc;ipp;xsd</Extensions>
    </Filter>
    <Filter Include="资源文件">
      <UniqueIdentifier>{67DA6AB6-F800-4c08-8B7A-83BB121AAD01}</UniqueIdentifier>
      <Extensions>rc;ico;cur;bmp;dlg;rc2;rct;bin;rgs;gif;jpg;jpeg;jpe;resx;tiff;tif;png;wav;mfcribbon-ms</Extensions>
    </Filter>
  </ItemGroup>
  <ItemGroup>
    <ClCompile Include="src\resource\main.cpp">
      <Filter>源文件</Filter>
    </ClCompile>
    <ClCompile Include="src\resource\example\example.cpp">
      <Filter>源文件</Filter>
    </ClCompile>
    <ClCompile Include="src\resource\database\user_info.cpp">
      <Filter>源文件</Filter>
    </ClCompile>
    <ClCompile Include="src\include\database\data_access.h">
      <Filter>头文件</Filter>
    </ClCompile>
    <ClCompile Include="src\resource\database\data_access.cpp">
      <Filter>源文件</Filter>
    </ClCompile>
    <ClCompile Include="src\resource\utils\security.cpp">
      <Filter>源文件</Filter>
    </ClCompile>
    <ClCompile Include="src\include\database\connection_pool.h">
      <Filter>源文件</Filter>
    </ClCompile>
    <ClCompile Include="src\resource\database\connection_pool.cpp">
      <Filter>源文件</Filter>
    </ClCompile>
    <ClCompile Include="src\resource\routes\handlers.cpp">
      <Filter>源文件</Filter>
    </ClCompile>
    <ClCompile Include="src\include\utils\pool.h">
      <Filter>源文件</Filter>
    </ClCompile>
    <ClCompile Include="src\resource\runtime\code_pool.cpp">
      <Filter>源文件</Filter>
    </ClCompile>
    <ClCompile Include="src\resource\runtime\executor.cpp">
      <Filter>源文件</Filter>
    </ClCompile>
    <ClCompile Include="src\include\runtime\program_access.h">
      <Filter>源文件</Filter>
    </ClCompile>
    <ClCompile Include="src\resource\runtime\program_access.cpp">
      <Filter>源文件</Filter>
    </ClCompile>
    <ClCompile Include="src\include\agent\agent.h">
      <Filter>头文件</Filter>
    </ClCompile>
    <ClCompile Include="src\resource\agent\agent.cpp">
      <Filter>源文件</Filter>
    </ClCompile>
    <ClCompile Include="src\resource\agent\agent_pool.cpp">
      <Filter>源文件</Filter>
    </ClCompile>
    <ClCompile Include="src\resource\agent\model_access.cpp">
      <Filter>源文件</Filter>
    </ClCompile>
    <ClCompile Include="src\resource\runtime\language_config.cpp">
      <Filter>源文件</Filter>
    </ClCompile>
  </ItemGroup>
  <ItemGroup>
    <ClInclude Include="src\include\utils\security.h">
      <Filter>头文件</Filter>
    </ClInclude>
    <ClInclude Include="src\include\utils\singleton.h">
      <Filter>头文件</Filter>
    </ClInclude>
    <ClInclude Include="src\include\database\user_info.h">
      <Filter>头文件</Filter>
    </ClInclude>
    <ClInclude Include="src\include\routes\handlers.h">
      <Filter>头文件</Filter>
    </ClInclude>
    <ClInclude Include="src\include\utils\config.h">
      <Filter>头文件</Filter>
    </ClInclude>
    <ClInclude Include="src\include\runtime\code_pool.h">
      <Filter>头文件</Filter>
    </ClInclude>
    <ClInclude Include="src\include\runtime\executor.h">
      <Filter>头文件</Filter>
    </ClInclude>
    <ClInclude Include="src\include\agent\agent_pool.h">
      <Filter>头文件</Filter>
    </ClInclude>
    <ClInclude Include="src\include\agent\model_access.h">
      <Filter>头文件</Filter>
    </ClInclude>
    <ClInclude Include="src\include\runtime\language_config.h">
      <Filter>头文件</Filter>
    </ClInclude>
  </ItemGroup>
  <ItemGroup>
    <None Include="src\resource\example\test.json" />
    <None Include="src\resource\agent\prompts.json" />
    <None Include="res\languages\languages.json" />
  </ItemGroup>
</Project>